
Microsoft Visual Studio Solution File, Format Version 12.00
# Visual Studio Version 16
VisualStudioVersion = 16.0.31727.386
MinimumVisualStudioVersion = 10.0.40219.1
Project("{FAE04EC0-301F-11D3-BF4B-00C04F79EFBC}") = "SocialNetwork.WebAPI", "SocialNetwork.WebAPI\SocialNetwork.WebAPI.csproj", "{DC4D7D3F-7229-46EE-9EA5-EE6475909588}"
EndProject
Project("{FAE04EC0-301F-11D3-BF4B-00C04F79EFBC}") = "SocialNetwork.Data", "SocialNetwork.Data\SocialNetwork.Data.csproj", "{01BBDE3F-E19B-4AB5-B06D-05D259F058E3}"
EndProject
Project("{FAE04EC0-301F-11D3-BF4B-00C04F79EFBC}") = "SocialNetwork.Models", "SocialNetwork.Models\SocialNetwork.Models.csproj", "{2DF8F666-09EC-4945-B9E8-4412F810678B}"
EndProject
Project("{FAE04EC0-301F-11D3-BF4B-00C04F79EFBC}") = "SocialNetwork.Services", "SocialNetwork.Services\SocialNetwork.Services.csproj", "{1B24EB83-13C5-493D-A452-8D5CEE78F32E}"
EndProject
Global
	GlobalSection(SolutionConfigurationPlatforms) = preSolution
		Debug|Any CPU = Debug|Any CPU
		Release|Any CPU = Release|Any CPU
	EndGlobalSection
	GlobalSection(ProjectConfigurationPlatforms) = postSolution
		{DC4D7D3F-7229-46EE-9EA5-EE6475909588}.Debug|Any CPU.ActiveCfg = Debug|Any CPU
		{DC4D7D3F-7229-46EE-9EA5-EE6475909588}.Debug|Any CPU.Build.0 = Debug|Any CPU
		{DC4D7D3F-7229-46EE-9EA5-EE6475909588}.Release|Any CPU.ActiveCfg = Release|Any CPU
		{DC4D7D3F-7229-46EE-9EA5-EE6475909588}.Release|Any CPU.Build.0 = Release|Any CPU
		{01BBDE3F-E19B-4AB5-B06D-05D259F058E3}.Debug|Any CPU.ActiveCfg = Debug|Any CPU
		{01BBDE3F-E19B-4AB5-B06D-05D259F058E3}.Debug|Any CPU.Build.0 = Debug|Any CPU
		{01BBDE3F-E19B-4AB5-B06D-05D259F058E3}.Release|Any CPU.ActiveCfg = Release|Any CPU
		{01BBDE3F-E19B-4AB5-B06D-05D259F058E3}.Release|Any CPU.Build.0 = Release|Any CPU
		{2DF8F666-09EC-4945-B9E8-4412F810678B}.Debug|Any CPU.ActiveCfg = Debug|Any CPU
		{2DF8F666-09EC-4945-B9E8-4412F810678B}.Debug|Any CPU.Build.0 = Debug|Any CPU
		{2DF8F666-09EC-4945-B9E8-4412F810678B}.Release|Any CPU.ActiveCfg = Release|Any CPU
		{2DF8F666-09EC-4945-B9E8-4412F810678B}.Release|Any CPU.Build.0 = Release|Any CPU
		{1B24EB83-13C5-493D-A452-8D5CEE78F32E}.Debug|Any CPU.ActiveCfg = Debug|Any CPU
		{1B24EB83-13C5-493D-A452-8D5CEE78F32E}.Debug|Any CPU.Build.0 = Debug|Any CPU
		{1B24EB83-13C5-493D-A452-8D5CEE78F32E}.Release|Any CPU.ActiveCfg = Release|Any CPU
		{1B24EB83-13C5-493D-A452-8D5CEE78F32E}.Release|Any CPU.Build.0 = Release|Any CPU
	EndGlobalSection
	GlobalSection(SolutionProperties) = preSolution
		HideSolutionNode = FALSE
	EndGlobalSection
	GlobalSection(ExtensibilityGlobals) = postSolution
		SolutionGuid = {4656CF47-485C-48B7-B51A-8700888E7686}
	EndGlobalSection
EndGlobal
